// !$*UTF8*$!
{
	archiveVersion = 1;
	classes = {
	};
	objectVersion = 55;
	objects = {

/* Begin PBXBuildFile section */
		414547548284C681260E3CCA /* Pods_ecommapp_ecommappUITests.framework in Frameworks */ = {isa = PBXBuildFile; fileRef = 8894DAE20DCD4C9E83AFD2CF /* Pods_ecommapp_ecommappUITests.framework */; };
		66799444528E95CE725AEECA /* Pods_ecommapp.framework in Frameworks */ = {isa = PBXBuildFile; fileRef = 69A135D65470648B6B955E99 /* Pods_ecommapp.framework */; };
		7AE5A4B2289166E800EADCB4 /* AppDelegate.swift in Sources */ = {isa = PBXBuildFile; fileRef = 7AE5A4B1289166E800EADCB4 /* AppDelegate.swift */; };
		7AE5A4B4289166E800EADCB4 /* SceneDelegate.swift in Sources */ = {isa = PBXBuildFile; fileRef = 7AE5A4B3289166E800EADCB4 /* SceneDelegate.swift */; };
		7AE5A4B6289166E800EADCB4 /* ViewController.swift in Sources */ = {isa = PBXBuildFile; fileRef = 7AE5A4B5289166E800EADCB4 /* ViewController.swift */; };
		7AE5A4B9289166E800EADCB4 /* Main.storyboard in Resources */ = {isa = PBXBuildFile; fileRef = 7AE5A4B7289166E800EADCB4 /* Main.storyboard */; };
		7AE5A4BB289166EB00EADCB4 /* Assets.xcassets in Resources */ = {isa = PBXBuildFile; fileRef = 7AE5A4BA289166EB00EADCB4 /* Assets.xcassets */; };
		7AE5A4BE289166EB00EADCB4 /* LaunchScreen.storyboard in Resources */ = {isa = PBXBuildFile; fileRef = 7AE5A4BC289166EB00EADCB4 /* LaunchScreen.storyboard */; };
		7AE5A4C9289166EB00EADCB4 /* ecommappTests.swift in Sources */ = {isa = PBXBuildFile; fileRef = 7AE5A4C8289166EB00EADCB4 /* ecommappTests.swift */; };
		7AE5A4D3289166EB00EADCB4 /* ecommappUITests.swift in Sources */ = {isa = PBXBuildFile; fileRef = 7AE5A4D2289166EB00EADCB4 /* ecommappUITests.swift */; };
		7AE5A4D5289166EB00EADCB4 /* ecommappUITestsLaunchTests.swift in Sources */ = {isa = PBXBuildFile; fileRef = 7AE5A4D4289166EB00EADCB4 /* ecommappUITestsLaunchTests.swift */; };
		7AE5A4E42891DB2400EADCB4 /* CategoryCollectionViewCell.swift in Sources */ = {isa = PBXBuildFile; fileRef = 7AE5A4E32891DB2400EADCB4 /* CategoryCollectionViewCell.swift */; };
		7AE5A4E62891DF5200EADCB4 /* Cat.swift in Sources */ = {isa = PBXBuildFile; fileRef = 7AE5A4E52891DF5200EADCB4 /* Cat.swift */; };
		7AE5A4EB289329B500EADCB4 /* ProductTableViewCell.swift in Sources */ = {isa = PBXBuildFile; fileRef = 7AE5A4E9289329B500EADCB4 /* ProductTableViewCell.swift */; };
		7AE5A4F0289414D300EADCB4 /* ProductsTableViewController.swift in Sources */ = {isa = PBXBuildFile; fileRef = 7AE5A4EF289414D300EADCB4 /* ProductsTableViewController.swift */; };
		7AE5A4F228941B9300EADCB4 /* ProductDetailsViewController.swift in Sources */ = {isa = PBXBuildFile; fileRef = 7AE5A4F128941B9300EADCB4 /* ProductDetailsViewController.swift */; };
		7AE5A4F428944E7900EADCB4 /* Manager.swift in Sources */ = {isa = PBXBuildFile; fileRef = 7AE5A4F328944E7800EADCB4 /* Manager.swift */; };
		7AE5A4F62894671900EADCB4 /* ProductsByCatModel.swift in Sources */ = {isa = PBXBuildFile; fileRef = 7AE5A4F52894671900EADCB4 /* ProductsByCatModel.swift */; };
		7AE5A4F9289471AF00EADCB4 /* ProductDetailsModel.swift in Sources */ = {isa = PBXBuildFile; fileRef = 7AE5A4F8289471AF00EADCB4 /* ProductDetailsModel.swift */; };
		ECD9A7851271E33032627335 /* Pods_ecommappTests.framework in Frameworks */ = {isa = PBXBuildFile; fileRef = 7B85C3D2444FF8E543D19D7C /* Pods_ecommappTests.framework */; };
/* End PBXBuildFile section */

/* Begin PBXContainerItemProxy section */
		7AE5A4C5289166EB00EADCB4 /* PBXContainerItemProxy */ = {
			isa = PBXContainerItemProxy;
			containerPortal = 7AE5A4A6289166E800EADCB4 /* Project object */;
			proxyType = 1;
			remoteGlobalIDString = 7AE5A4AD289166E800EADCB4;
			remoteInfo = ecommapp;
		};
		7AE5A4CF289166EB00EADCB4 /* PBXContainerItemProxy */ = {
			isa = PBXContainerItemProxy;
			containerPortal = 7AE5A4A6289166E800EADCB4 /* Project object */;
			proxyType = 1;
			remoteGlobalIDString = 7AE5A4AD289166E800EADCB4;
			remoteInfo = ecommapp;
		};
/* End PBXContainerItemProxy section */

/* Begin PBXFileReference section */
		4C6FAA2AC60DBE2162D9BC84 /* Pods-ecommapp-ecommappUITests.debug.xcconfig */ = {isa = PBXFileReference; includeInIndex = 1; lastKnownFileType = text.xcconfig; name = "Pods-ecommapp-ecommappUITests.debug.xcconfig"; path = "Target Support Files/Pods-ecommapp-ecommappUITests/Pods-ecommapp-ecommappUITests.debug.xcconfig"; sourceTree = "<group>"; };
		69A135D65470648B6B955E99 /* Pods_ecommapp.framework */ = {isa = PBXFileReference; explicitFileType = wrapper.framework; includeInIndex = 0; path = Pods_ecommapp.framework; sourceTree = BUILT_PRODUCTS_DIR; };
		710EAC18D28D91F142065A0B /* Pods-ecommappTests.debug.xcconfig */ = {isa = PBXFileReference; includeInIndex = 1; lastKnownFileType = text.xcconfig; name = "Pods-ecommappTests.debug.xcconfig"; path = "Target Support Files/Pods-ecommappTests/Pods-ecommappTests.debug.xcconfig"; sourceTree = "<group>"; };
		7AE5A4AE289166E800EADCB4 /* ecommapp.app */ = {isa = PBXFileReference; explicitFileType = wrapper.application; includeInIndex = 0; path = ecommapp.app; sourceTree = BUILT_PRODUCTS_DIR; };
		7AE5A4B1289166E800EADCB4 /* AppDelegate.swift */ = {isa = PBXFileReference; lastKnownFileType = sourcecode.swift; path = AppDelegate.swift; sourceTree = "<group>"; };
		7AE5A4B3289166E800EADCB4 /* SceneDelegate.swift */ = {isa = PBXFileReference; lastKnownFileType = sourcecode.swift; path = SceneDelegate.swift; sourceTree = "<group>"; };
		7AE5A4B5289166E800EADCB4 /* ViewController.swift */ = {isa = PBXFileReference; lastKnownFileType = sourcecode.swift; path = ViewController.swift; sourceTree = "<group>"; };
		7AE5A4B8289166E800EADCB4 /* Base */ = {isa = PBXFileReference; lastKnownFileType = file.storyboard; name = Base; path = Base.lproj/Main.storyboard; sourceTree = "<group>"; };
		7AE5A4BA289166EB00EADCB4 /* Assets.xcassets */ = {isa = PBXFileReference; lastKnownFileType = folder.assetcatalog; path = Assets.xcassets; sourceTree = "<group>"; };
		7AE5A4BD289166EB00EADCB4 /* Base */ = {isa = PBXFileReference; lastKnownFileType = file.storyboard; name = Base; path = Base.lproj/LaunchScreen.storyboard; sourceTree = "<group>"; };
		7AE5A4BF289166EB00EADCB4 /* Info.plist */ = {isa = PBXFileReference; lastKnownFileType = text.plist.xml; path = Info.plist; sourceTree = "<group>"; };
		7AE5A4C4289166EB00EADCB4 /* ecommappTests.xctest */ = {isa = PBXFileReference; explicitFileType = wrapper.cfbundle; includeInIndex = 0; path = ecommappTests.xctest; sourceTree = BUILT_PRODUCTS_DIR; };
		7AE5A4C8289166EB00EADCB4 /* ecommappTests.swift */ = {isa = PBXFileReference; lastKnownFileType = sourcecode.swift; path = ecommappTests.swift; sourceTree = "<group>"; };
		7AE5A4CE289166EB00EADCB4 /* ecommappUITests.xctest */ = {isa = PBXFileReference; explicitFileType = wrapper.cfbundle; includeInIndex = 0; path = ecommappUITests.xctest; sourceTree = BUILT_PRODUCTS_DIR; };
		7AE5A4D2289166EB00EADCB4 /* ecommappUITests.swift */ = {isa = PBXFileReference; lastKnownFileType = sourcecode.swift; path = ecommappUITests.swift; sourceTree = "<group>"; };
		7AE5A4D4289166EB00EADCB4 /* ecommappUITestsLaunchTests.swift */ = {isa = PBXFileReference; lastKnownFileType = sourcecode.swift; path = ecommappUITestsLaunchTests.swift; sourceTree = "<group>"; };
		7AE5A4E32891DB2400EADCB4 /* CategoryCollectionViewCell.swift */ = {isa = PBXFileReference; lastKnownFileType = sourcecode.swift; path = CategoryCollectionViewCell.swift; sourceTree = "<group>"; };
		7AE5A4E52891DF5200EADCB4 /* Cat.swift */ = {isa = PBXFileReference; lastKnownFileType = sourcecode.swift; path = Cat.swift; sourceTree = "<group>"; };
		7AE5A4E9289329B500EADCB4 /* ProductTableViewCell.swift */ = {isa = PBXFileReference; lastKnownFileType = sourcecode.swift; path = ProductTableViewCell.swift; sourceTree = "<group>"; };
		7AE5A4EF289414D300EADCB4 /* ProductsTableViewController.swift */ = {isa = PBXFileReference; lastKnownFileType = sourcecode.swift; path = ProductsTableViewController.swift; sourceTree = "<group>"; };
		7AE5A4F128941B9300EADCB4 /* ProductDetailsViewController.swift */ = {isa = PBXFileReference; lastKnownFileType = sourcecode.swift; path = ProductDetailsViewController.swift; sourceTree = "<group>"; };
		7AE5A4F328944E7800EADCB4 /* Manager.swift */ = {isa = PBXFileReference; lastKnownFileType = sourcecode.swift; path = Manager.swift; sourceTree = "<group>"; };
		7AE5A4F52894671900EADCB4 /* ProductsByCatModel.swift */ = {isa = PBXFileReference; lastKnownFileType = sourcecode.swift; path = ProductsByCatModel.swift; sourceTree = "<group>"; };
		7AE5A4F8289471AF00EADCB4 /* ProductDetailsModel.swift */ = {isa = PBXFileReference; lastKnownFileType = sourcecode.swift; path = ProductDetailsModel.swift; sourceTree = "<group>"; };
		7B85C3D2444FF8E543D19D7C /* Pods_ecommappTests.framework */ = {isa = PBXFileReference; explicitFileType = wrapper.framework; includeInIndex = 0; path = Pods_ecommappTests.framework; sourceTree = BUILT_PRODUCTS_DIR; };
		8894DAE20DCD4C9E83AFD2CF /* Pods_ecommapp_ecommappUITests.framework */ = {isa = PBXFileReference; explicitFileType = wrapper.framework; includeInIndex = 0; path = Pods_ecommapp_ecommappUITests.framework; sourceTree = BUILT_PRODUCTS_DIR; };
		8ECE75D2F8D2ED0A280937A3 /* Pods-ecommapp.debug.xcconfig */ = {isa = PBXFileReference; includeInIndex = 1; lastKnownFileType = text.xcconfig; name = "Pods-ecommapp.debug.xcconfig"; path = "Target Support Files/Pods-ecommapp/Pods-ecommapp.debug.xcconfig"; sourceTree = "<group>"; };
		932F0CD4CCA3A8595F8CD0A1 /* Pods-ecommapp.release.xcconfig */ = {isa = PBXFileReference; includeInIndex = 1; lastKnownFileType = text.xcconfig; name = "Pods-ecommapp.release.xcconfig"; path = "Target Support Files/Pods-ecommapp/Pods-ecommapp.release.xcconfig"; sourceTree = "<group>"; };
		A1EC3AB6CDE0D89B50CE7A67 /* Pods-ecommapp-ecommappUITests.release.xcconfig */ = {isa = PBXFileReference; includeInIndex = 1; lastKnownFileType = text.xcconfig; name = "Pods-ecommapp-ecommappUITests.release.xcconfig"; path = "Target Support Files/Pods-ecommapp-ecommappUITests/Pods-ecommapp-ecommappUITests.release.xcconfig"; sourceTree = "<group>"; };
		E0F642A7F8960BFE05275437 /* Pods-ecommappTests.release.xcconfig */ = {isa = PBXFileReference; includeInIndex = 1; lastKnownFileType = text.xcconfig; name = "Pods-ecommappTests.release.xcconfig"; path = "Target Support Files/Pods-ecommappTests/Pods-ecommappTests.release.xcconfig"; sourceTree = "<group>"; };
/* End PBXFileReference section */

/* Begin PBXFrameworksBuildPhase section */
		7AE5A4AB289166E800EADCB4 /* Frameworks */ = {
			isa = PBXFrameworksBuildPhase;
			buildActionMask = 2147483647;
			files = (
				66799444528E95CE725AEECA /* Pods_ecommapp.framework in Frameworks */,
			);
			runOnlyForDeploymentPostprocessing = 0;
		};
		7AE5A4C1289166EB00EADCB4 /* Frameworks */ = {
			isa = PBXFrameworksBuildPhase;
			buildActionMask = 2147483647;
			files = (
				ECD9A7851271E33032627335 /* Pods_ecommappTests.framework in Frameworks */,
			);
			runOnlyForDeploymentPostprocessing = 0;
		};
		7AE5A4CB289166EB00EADCB4 /* Frameworks */ = {
			isa = PBXFrameworksBuildPhase;
			buildActionMask = 2147483647;
			files = (
				414547548284C681260E3CCA /* Pods_ecommapp_ecommappUITests.framework in Frameworks */,
			);
			runOnlyForDeploymentPostprocessing = 0;
		};
/* End PBXFrameworksBuildPhase section */

/* Begin PBXGroup section */
		7AE5A4A5289166E800EADCB4 = {
			isa = PBXGroup;
			children = (
				7AE5A4B0289166E800EADCB4 /* ecommapp */,
				7AE5A4C7289166EB00EADCB4 /* ecommappTests */,
				7AE5A4D1289166EB00EADCB4 /* ecommappUITests */,
				7AE5A4AF289166E800EADCB4 /* Products */,
				E748B31791EC73CAA7B07830 /* Pods */,
				E48EF250B34A69FD54A72ADC /* Frameworks */,
			);
			sourceTree = "<group>";
		};
		7AE5A4AF289166E800EADCB4 /* Products */ = {
			isa = PBXGroup;
			children = (
				7AE5A4AE289166E800EADCB4 /* ecommapp.app */,
				7AE5A4C4289166EB00EADCB4 /* ecommappTests.xctest */,
				7AE5A4CE289166EB00EADCB4 /* ecommappUITests.xctest */,
			);
			name = Products;
			sourceTree = "<group>";
		};
		7AE5A4B0289166E800EADCB4 /* ecommapp */ = {
			isa = PBXGroup;
			children = (
				7AE5A4F72894674300EADCB4 /* Models */,
				7AE5A4B1289166E800EADCB4 /* AppDelegate.swift */,
				7AE5A4B3289166E800EADCB4 /* SceneDelegate.swift */,
				7AE5A4B5289166E800EADCB4 /* ViewController.swift */,
				7AE5A4B7289166E800EADCB4 /* Main.storyboard */,
				7AE5A4BA289166EB00EADCB4 /* Assets.xcassets */,
				7AE5A4BC289166EB00EADCB4 /* LaunchScreen.storyboard */,
				7AE5A4BF289166EB00EADCB4 /* Info.plist */,
				7AE5A4E9289329B500EADCB4 /* ProductTableViewCell.swift */,
				7AE5A4E32891DB2400EADCB4 /* CategoryCollectionViewCell.swift */,
				7AE5A4E52891DF5200EADCB4 /* Cat.swift */,
				7AE5A4EF289414D300EADCB4 /* ProductsTableViewController.swift */,
				7AE5A4F128941B9300EADCB4 /* ProductDetailsViewController.swift */,
				7AE5A4F328944E7800EADCB4 /* Manager.swift */,
			);
			path = ecommapp;
			sourceTree = "<group>";
		};
		7AE5A4C7289166EB00EADCB4 /* ecommappTests */ = {
			isa = PBXGroup;
			children = (
				7AE5A4C8289166EB00EADCB4 /* ecommappTests.swift */,
			);
			path = ecommappTests;
			sourceTree = "<group>";
		};
		7AE5A4D1289166EB00EADCB4 /* ecommappUITests */ = {
			isa = PBXGroup;
			children = (
				7AE5A4D2289166EB00EADCB4 /* ecommappUITests.swift */,
				7AE5A4D4289166EB00EADCB4 /* ecommappUITestsLaunchTests.swift */,
			);
			path = ecommappUITests;
			sourceTree = "<group>";
		};
		7AE5A4F72894674300EADCB4 /* Models */ = {
			isa = PBXGroup;
			children = (
				7AE5A4F52894671900EADCB4 /* ProductsByCatModel.swift */,
				7AE5A4F8289471AF00EADCB4 /* ProductDetailsModel.swift */,
			);
			path = Models;
			sourceTree = "<group>";
		};
		E48EF250B34A69FD54A72ADC /* Frameworks */ = {
			isa = PBXGroup;
			children = (
				69A135D65470648B6B955E99 /* Pods_ecommapp.framework */,
				8894DAE20DCD4C9E83AFD2CF /* Pods_ecommapp_ecommappUITests.framework */,
				7B85C3D2444FF8E543D19D7C /* Pods_ecommappTests.framework */,
			);
			name = Frameworks;
			sourceTree = "<group>";
		};
		E748B31791EC73CAA7B07830 /* Pods */ = {
			isa = PBXGroup;
			children = (
				8ECE75D2F8D2ED0A280937A3 /* Pods-ecommapp.debug.xcconfig */,
				932F0CD4CCA3A8595F8CD0A1 /* Pods-ecommapp.release.xcconfig */,
				4C6FAA2AC60DBE2162D9BC84 /* Pods-ecommapp-ecommappUITests.debug.xcconfig */,
				A1EC3AB6CDE0D89B50CE7A67 /* Pods-ecommapp-ecommappUITests.release.xcconfig */,
				710EAC18D28D91F142065A0B /* Pods-ecommappTests.debug.xcconfig */,
				E0F642A7F8960BFE05275437 /* Pods-ecommappTests.release.xcconfig */,
			);
			name = Pods;
			path = Pods;
			sourceTree = "<group>";
		};
/* End PBXGroup section */

/* Begin PBXNativeTarget section */
		7AE5A4AD289166E800EADCB4 /* ecommapp */ = {
			isa = PBXNativeTarget;
			buildConfigurationList = 7AE5A4D8289166EB00EADCB4 /* Build configuration list for PBXNativeTarget "ecommapp" */;
			buildPhases = (
				F75327B0F10E69D998D871F3 /* [CP] Check Pods Manifest.lock */,
				7AE5A4AA289166E800EADCB4 /* Sources */,
				7AE5A4AB289166E800EADCB4 /* Frameworks */,
				7AE5A4AC289166E800EADCB4 /* Resources */,
				DB62F954174A51EDFCB8CDC8 /* [CP] Embed Pods Frameworks */,
			);
			buildRules = (
			);
			dependencies = (
			);
			name = ecommapp;
			productName = ecommapp;
			productReference = 7AE5A4AE289166E800EADCB4 /* ecommapp.app */;
			productType = "com.apple.product-type.application";
		};
		7AE5A4C3289166EB00EADCB4 /* ecommappTests */ = {
			isa = PBXNativeTarget;
			buildConfigurationList = 7AE5A4DB289166EB00EADCB4 /* Build configuration list for PBXNativeTarget "ecommappTests" */;
			buildPhases = (
				5A7D1D9C926357322DCA5061 /* [CP] Check Pods Manifest.lock */,
				7AE5A4C0289166EB00EADCB4 /* Sources */,
				7AE5A4C1289166EB00EADCB4 /* Frameworks */,
				7AE5A4C2289166EB00EADCB4 /* Resources */,
			);
			buildRules = (
			);
			dependencies = (
				7AE5A4C6289166EB00EADCB4 /* PBXTargetDependency */,
			);
			name = ecommappTests;
			productName = ecommappTests;
			productReference = 7AE5A4C4289166EB00EADCB4 /* ecommappTests.xctest */;
			productType = "com.apple.product-type.bundle.unit-test";
		};
		7AE5A4CD289166EB00EADCB4 /* ecommappUITests */ = {
			isa = PBXNativeTarget;
			buildConfigurationList = 7AE5A4DE289166EB00EADCB4 /* Build configuration list for PBXNativeTarget "ecommappUITests" */;
			buildPhases = (
				7323823BE22045E2F38251EF /* [CP] Check Pods Manifest.lock */,
				7AE5A4CA289166EB00EADCB4 /* Sources */,
				7AE5A4CB289166EB00EADCB4 /* Frameworks */,
				7AE5A4CC289166EB00EADCB4 /* Resources */,
				209B3B3B7B94211B7A67C3EE /* [CP] Embed Pods Frameworks */,
			);
			buildRules = (
			);
			dependencies = (
				7AE5A4D0289166EB00EADCB4 /* PBXTargetDependency */,
			);
			name = ecommappUITests;
			productName = ecommappUITests;
			productReference = 7AE5A4CE289166EB00EADCB4 /* ecommappUITests.xctest */;
			productType = "com.apple.product-type.bundle.ui-testing";
		};
/* End PBXNativeTarget section */

/* Begin PBXProject section */
		7AE5A4A6289166E800EADCB4 /* Project object */ = {
			isa = PBXProject;
			attributes = {
				BuildIndependentTargetsInParallel = 1;
				LastSwiftUpdateCheck = 1300;
				LastUpgradeCheck = 1300;
				TargetAttributes = {
					7AE5A4AD289166E800EADCB4 = {
						CreatedOnToolsVersion = 13.0;
					};
					7AE5A4C3289166EB00EADCB4 = {
						CreatedOnToolsVersion = 13.0;
						TestTargetID = 7AE5A4AD289166E800EADCB4;
					};
					7AE5A4CD289166EB00EADCB4 = {
						CreatedOnToolsVersion = 13.0;
						TestTargetID = 7AE5A4AD289166E800EADCB4;
					};
				};
			};
			buildConfigurationList = 7AE5A4A9289166E800EADCB4 /* Build configuration list for PBXProject "ecommapp" */;
			compatibilityVersion = "Xcode 13.0";
			developmentRegion = en;
			hasScannedForEncodings = 0;
			knownRegions = (
				en,
				Base,
			);
			mainGroup = 7AE5A4A5289166E800EADCB4;
			productRefGroup = 7AE5A4AF289166E800EADCB4 /* Products */;
			projectDirPath = "";
			projectRoot = "";
			targets = (
				7AE5A4AD289166E800EADCB4 /* ecommapp */,
				7AE5A4C3289166EB00EADCB4 /* ecommappTests */,
				7AE5A4CD289166EB00EADCB4 /* ecommappUITests */,
			);
		};
/* End PBXProject section */

/* Begin PBXResourcesBuildPhase section */
		7AE5A4AC289166E800EADCB4 /* Resources */ = {
			isa = PBXResourcesBuildPhase;
			buildActionMask = 2147483647;
			files = (
				7AE5A4BE289166EB00EADCB4 /* LaunchScreen.storyboard in Resources */,
				7AE5A4BB289166EB00EADCB4 /* Assets.xcassets in Resources */,
				7AE5A4B9289166E800EADCB4 /* Main.storyboard in Resources */,
			);
			runOnlyForDeploymentPostprocessing = 0;
		};
		7AE5A4C2289166EB00EADCB4 /* Resources */ = {
			isa = PBXResourcesBuildPhase;
			buildActionMask = 2147483647;
			files = (
			);
			runOnlyForDeploymentPostprocessing = 0;
		};
		7AE5A4CC289166EB00EADCB4 /* Resources */ = {
			isa = PBXResourcesBuildPhase;
			buildActionMask = 2147483647;
			files = (
			);
			runOnlyForDeploymentPostprocessing = 0;
		};
/* End PBXResourcesBuildPhase section */

/* Begin PBXShellScriptBuildPhase section */
		209B3B3B7B94211B7A67C3EE /* [CP] Embed Pods Frameworks */ = {
			isa = PBXShellScriptBuildPhase;
			buildActionMask = 2147483647;
			files = (
			);
			inputFileListPaths = (
				"${PODS_ROOT}/Target Support Files/Pods-ecommapp-ecommappUITests/Pods-ecommapp-ecommappUITests-frameworks-${CONFIGURATION}-input-files.xcfilelist",
			);
			name = "[CP] Embed Pods Frameworks";
			outputFileListPaths = (
				"${PODS_ROOT}/Target Support Files/Pods-ecommapp-ecommappUITests/Pods-ecommapp-ecommappUITests-frameworks-${CONFIGURATION}-output-files.xcfilelist",
			);
			runOnlyForDeploymentPostprocessing = 0;
			shellPath = /bin/sh;
			shellScript = "\"${PODS_ROOT}/Target Support Files/Pods-ecommapp-ecommappUITests/Pods-ecommapp-ecommappUITests-frameworks.sh\"\n";
			showEnvVarsInLog = 0;
		};
		5A7D1D9C926357322DCA5061 /* [CP] Check Pods Manifest.lock */ = {
			isa = PBXShellScriptBuildPhase;
			buildActionMask = 2147483647;
			files = (
			);
			inputFileListPaths = (
			);
			inputPaths = (
				"${PODS_PODFILE_DIR_PATH}/Podfile.lock",
				"${PODS_ROOT}/Manifest.lock",
			);
			name = "[CP] Check Pods Manifest.lock";
			outputFileListPaths = (
			);
			outputPaths = (
				"$(DERIVED_FILE_DIR)/Pods-ecommappTests-checkManifestLockResult.txt",
			);
			runOnlyForDeploymentPostprocessing = 0;
			shellPath = /bin/sh;
			shellScript = "diff \"${PODS_PODFILE_DIR_PATH}/Podfile.lock\" \"${PODS_ROOT}/Manifest.lock\" > /dev/null\nif [ $? != 0 ] ; then\n    # print error to STDERR\n    echo \"error: The sandbox is not in sync with the Podfile.lock. Run 'pod install' or update your CocoaPods installation.\" >&2\n    exit 1\nfi\n# This output is used by Xcode 'outputs' to avoid re-running this script phase.\necho \"SUCCESS\" > \"${SCRIPT_OUTPUT_FILE_0}\"\n";
			showEnvVarsInLog = 0;
		};
		7323823BE22045E2F38251EF /* [CP] Check Pods Manifest.lock */ = {
			isa = PBXShellScriptBuildPhase;
			buildActionMask = 2147483647;
			files = (
			);
			inputFileListPaths = (
			);
			inputPaths = (
				"${PODS_PODFILE_DIR_PATH}/Podfile.lock",
				"${PODS_ROOT}/Manifest.lock",
			);
			name = "[CP] Check Pods Manifest.lock";
			outputFileListPaths = (
			);
			outputPaths = (
				"$(DERIVED_FILE_DIR)/Pods-ecommapp-ecommappUITests-checkManifestLockResult.txt",
			);
			runOnlyForDeploymentPostprocessing = 0;
			shellPath = /bin/sh;
			shellScript = "diff \"${PODS_PODFILE_DIR_PATH}/Podfile.lock\" \"${PODS_ROOT}/Manifest.lock\" > /dev/null\nif [ $? != 0 ] ; then\n    # print error to STDERR\n    echo \"error: The sandbox is not in sync with the Podfile.lock. Run 'pod install' or update your CocoaPods installation.\" >&2\n    exit 1\nfi\n# This output is used by Xcode 'outputs' to avoid re-running this script phase.\necho \"SUCCESS\" > \"${SCRIPT_OUTPUT_FILE_0}\"\n";
			showEnvVarsInLog = 0;
		};
		DB62F954174A51EDFCB8CDC8 /* [CP] Embed Pods Frameworks */ = {
			isa = PBXShellScriptBuildPhase;
			buildActionMask = 2147483647;
			files = (
			);
			inputFileListPaths = (
				"${PODS_ROOT}/Target Support Files/Pods-ecommapp/Pods-ecommapp-frameworks-${CONFIGURATION}-input-files.xcfilelist",
			);
			name = "[CP] Embed Pods Frameworks";
			outputFileListPaths = (
				"${PODS_ROOT}/Target Support Files/Pods-ecommapp/Pods-ecommapp-frameworks-${CONFIGURATION}-output-files.xcfilelist",
			);
			runOnlyForDeploymentPostprocessing = 0;
			shellPath = /bin/sh;
			shellScript = "\"${PODS_ROOT}/Target Support Files/Pods-ecommapp/Pods-ecommapp-frameworks.sh\"\n";
			showEnvVarsInLog = 0;
		};
		F75327B0F10E69D998D871F3 /* [CP] Check Pods Manifest.lock */ = {
			isa = PBXShellScriptBuildPhase;
			buildActionMask = 2147483647;
			files = (
			);
			inputFileListPaths = (
			);
			inputPaths = (
				"${PODS_PODFILE_DIR_PATH}/Podfile.lock",
				"${PODS_ROOT}/Manifest.lock",
			);
			name = "[CP] Check Pods Manifest.lock";
			outputFileListPaths = (
			);
			outputPaths = (
				"$(DERIVED_FILE_DIR)/Pods-ecommapp-checkManifestLockResult.txt",
			);
			runOnlyForDeploymentPostprocessing = 0;
			shellPath = /bin/sh;
			shellScript = "diff \"${PODS_PODFILE_DIR_PATH}/Podfile.lock\" \"${PODS_ROOT}/Manifest.lock\" > /dev/null\nif [ $? != 0 ] ; then\n    # print error to STDERR\n    echo \"error: The sandbox is not in sync with the Podfile.lock. Run 'pod install' or update your CocoaPods installation.\" >&2\n    exit 1\nfi\n# This output is used by Xcode 'outputs' to avoid re-running this script phase.\necho \"SUCCESS\" > \"${SCRIPT_OUTPUT_FILE_0}\"\n";
			showEnvVarsInLog = 0;
		};
/* End PBXShellScriptBuildPhase section */

/* Begin PBXSourcesBuildPhase section */
		7AE5A4AA289166E800EADCB4 /* Sources */ = {
			isa = PBXSourcesBuildPhase;
			buildActionMask = 2147483647;
			files = (
				7AE5A4F0289414D300EADCB4 /* ProductsTableViewController.swift in Sources */,
				7AE5A4E42891DB2400EADCB4 /* CategoryCollectionViewCell.swift in Sources */,
				7AE5A4E62891DF5200EADCB4 /* Cat.swift in Sources */,
				7AE5A4F62894671900EADCB4 /* ProductsByCatModel.swift in Sources */,
				7AE5A4B6289166E800EADCB4 /* ViewController.swift in Sources */,
				7AE5A4B2289166E800EADCB4 /* AppDelegate.swift in Sources */,
				7AE5A4F9289471AF00EADCB4 /* ProductDetailsModel.swift in Sources */,
				7AE5A4B4289166E800EADCB4 /* SceneDelegate.swift in Sources */,
				7AE5A4EB289329B500EADCB4 /* ProductTableViewCell.swift in Sources */,
				7AE5A4F428944E7900EADCB4 /* Manager.swift in Sources */,
				7AE5A4F228941B9300EADCB4 /* ProductDetailsViewController.swift in Sources */,
			);
			runOnlyForDeploymentPostprocessing = 0;
		};
		7AE5A4C0289166EB00EADCB4 /* Sources */ = {
			isa = PBXSourcesBuildPhase;
			buildActionMask = 2147483647;
			files = (
				7AE5A4C9289166EB00EADCB4 /* ecommappTests.swift in Sources */,
			);
			runOnlyForDeploymentPostprocessing = 0;
		};
		7AE5A4CA289166EB00EADCB4 /* Sources */ = {
			isa = PBXSourcesBuildPhase;
			buildActionMask = 2147483647;
			files = (
				7AE5A4D5289166EB00EADCB4 /* ecommappUITestsLaunchTests.swift in Sources */,
				7AE5A4D3289166EB00EADCB4 /* ecommappUITests.swift in Sources */,
			);
			runOnlyForDeploymentPostprocessing = 0;
		};
/* End PBXSourcesBuildPhase section */

/* Begin PBXTargetDependency section */
		7AE5A4C6289166EB00EADCB4 /* PBXTargetDependency */ = {
			isa = PBXTargetDependency;
			target = 7AE5A4AD289166E800EADCB4 /* ecommapp */;
			targetProxy = 7AE5A4C5289166EB00EADCB4 /* PBXContainerItemProxy */;
		};
		7AE5A4D0289166EB00EADCB4 /* PBXTargetDependency */ = {
			isa = PBXTargetDependency;
			target = 7AE5A4AD289166E800EADCB4 /* ecommapp */;
			targetProxy = 7AE5A4CF289166EB00EADCB4 /* PBXContainerItemProxy */;
		};
/* End PBXTargetDependency section */

/* Begin PBXVariantGroup section */
		7AE5A4B7289166E800EADCB4 /* Main.storyboard */ = {
			isa = PBXVariantGroup;
			children = (
				7AE5A4B8289166E800EADCB4 /* Base */,
			);
			name = Main.storyboard;
			sourceTree = "<group>";
		};
		7AE5A4BC289166EB00EADCB4 /* LaunchScreen.storyboard */ = {
			isa = PBXVariantGroup;
			children = (
				7AE5A4BD289166EB00EADCB4 /* Base */,
			);
			name = LaunchScreen.storyboard;
			sourceTree = "<group>";
		};
/* End PBXVariantGroup section */

/* Begin XCBuildConfiguration section */
		7AE5A4D6289166EB00EADCB4 /* Debug */ = {
			isa = XCBuildConfiguration;
			buildSettings = {
				ALWAYS_SEARCH_USER_PATHS = NO;
				CLANG_ANALYZER_NONNULL = YES;
				CLANG_ANALYZER_NUMBER_OBJECT_CONVERSION = YES_AGGRESSIVE;
				CLANG_CXX_LANGUAGE_STANDARD = "gnu++17";
				CLANG_CXX_LIBRARY = "libc++";
				CLANG_ENABLE_MODULES = YES;
				CLANG_ENABLE_OBJC_ARC = YES;
				CLANG_ENABLE_OBJC_WEAK = YES;
				CLANG_WARN_BLOCK_CAPTURE_AUTORELEASING = YES;
				CLANG_WARN_BOOL_CONVERSION = YES;
				CLANG_WARN_COMMA = YES;
				CLANG_WARN_CONSTANT_CONVERSION = YES;
				CLANG_WARN_DEPRECATED_OBJC_IMPLEMENTATIONS = YES;
				CLANG_WARN_DIRECT_OBJC_ISA_USAGE = YES_ERROR;
				CLANG_WARN_DOCUMENTATION_COMMENTS = YES;
				CLANG_WARN_EMPTY_BODY = YES;
				CLANG_WARN_ENUM_CONVERSION = YES;
				CLANG_WARN_INFINITE_RECURSION = YES;
				CLANG_WARN_INT_CONVERSION = YES;
				CLANG_WARN_NON_LITERAL_NULL_CONVERSION = YES;
				CLANG_WARN_OBJC_IMPLICIT_RETAIN_SELF = YES;
				CLANG_WARN_OBJC_LITERAL_CONVERSION = YES;
				CLANG_WARN_OBJC_ROOT_CLASS = YES_ERROR;
				CLANG_WARN_QUOTED_INCLUDE_IN_FRAMEWORK_HEADER = YES;
				CLANG_WARN_RANGE_LOOP_ANALYSIS = YES;
				CLANG_WARN_STRICT_PROTOTYPES = YES;
				CLANG_WARN_SUSPICIOUS_MOVE = YES;
				CLANG_WARN_UNGUARDED_AVAILABILITY = YES_AGGRESSIVE;
				CLANG_WARN_UNREACHABLE_CODE = YES;
				CLANG_WARN__DUPLICATE_METHOD_MATCH = YES;
				COPY_PHASE_STRIP = NO;
				DEBUG_INFORMATION_FORMAT = dwarf;
				ENABLE_STRICT_OBJC_MSGSEND = YES;
				ENABLE_TESTABILITY = YES;
				GCC_C_LANGUAGE_STANDARD = gnu11;
				GCC_DYNAMIC_NO_PIC = NO;
				GCC_NO_COMMON_BLOCKS = YES;
				GCC_OPTIMIZATION_LEVEL = 0;
				GCC_PREPROCESSOR_DEFINITIONS = (
					"DEBUG=1",
					"$(inherited)",
				);
				GCC_WARN_64_TO_32_BIT_CONVERSION = YES;
				GCC_WARN_ABOUT_RETURN_TYPE = YES_ERROR;
				GCC_WARN_UNDECLARED_SELECTOR = YES;
				GCC_WARN_UNINITIALIZED_AUTOS = YES_AGGRESSIVE;
				GCC_WARN_UNUSED_FUNCTION = YES;
				GCC_WARN_UNUSED_VARIABLE = YES;
				IPHONEOS_DEPLOYMENT_TARGET = 15.0;
				MTL_ENABLE_DEBUG_INFO = INCLUDE_SOURCE;
				MTL_FAST_MATH = YES;
				ONLY_ACTIVE_ARCH = YES;
				SDKROOT = iphoneos;
				SWIFT_ACTIVE_COMPILATION_CONDITIONS = DEBUG;
				SWIFT_OPTIMIZATION_LEVEL = "-Onone";
			};
			name = Debug;
		};
		7AE5A4D7289166EB00EADCB4 /* Release */ = {
			isa = XCBuildConfiguration;
			buildSettings = {
				ALWAYS_SEARCH_USER_PATHS = NO;
				CLANG_ANALYZER_NONNULL = YES;
				CLANG_ANALYZER_NUMBER_OBJECT_CONVERSION = YES_AGGRESSIVE;
				CLANG_CXX_LANGUAGE_STANDARD = "gnu++17";
				CLANG_CXX_LIBRARY = "libc++";
				CLANG_ENABLE_MODULES = YES;
				CLANG_ENABLE_OBJC_ARC = YES;
				CLANG_ENABLE_OBJC_WEAK = YES;
				CLANG_WARN_BLOCK_CAPTURE_AUTORELEASING = YES;
				CLANG_WARN_BOOL_CONVERSION = YES;
				CLANG_WARN_COMMA = YES;
				CLANG_WARN_CONSTANT_CONVERSION = YES;
				CLANG_WARN_DEPRECATED_OBJC_IMPLEMENTATIONS = YES;
				CLANG_WARN_DIRECT_OBJC_ISA_USAGE = YES_ERROR;
				CLANG_WARN_DOCUMENTATION_COMMENTS = YES;
				CLANG_WARN_EMPTY_BODY = YES;
				CLANG_WARN_ENUM_CONVERSION = YES;
				CLANG_WARN_INFINITE_RECURSION = YES;
				CLANG_WARN_INT_CONVERSION = YES;
				CLANG_WARN_NON_LITERAL_NULL_CONVERSION = YES;
				CLANG_WARN_OBJC_IMPLICIT_RETAIN_SELF = YES;
				CLANG_WARN_OBJC_LITERAL_CONVERSION = YES;
				CLANG_WARN_OBJC_ROOT_CLASS = YES_ERROR;
				CLANG_WARN_QUOTED_INCLUDE_IN_FRAMEWORK_HEADER = YES;
				CLANG_WARN_RANGE_LOOP_ANALYSIS = YES;
				CLANG_WARN_STRICT_PROTOTYPES = YES;
				CLANG_WARN_SUSPICIOUS_MOVE = YES;
				CLANG_WARN_UNGUARDED_AVAILABILITY = YES_AGGRESSIVE;
				CLANG_WARN_UNREACHABLE_CODE = YES;
				CLANG_WARN__DUPLICATE_METHOD_MATCH = YES;
				COPY_PHASE_STRIP = NO;
				DEBUG_INFORMATION_FORMAT = "dwarf-with-dsym";
				ENABLE_NS_ASSERTIONS = NO;
				ENABLE_STRICT_OBJC_MSGSEND = YES;
				GCC_C_LANGUAGE_STANDARD = gnu11;
				GCC_NO_COMMON_BLOCKS = YES;
				GCC_WARN_64_TO_32_BIT_CONVERSION = YES;
				GCC_WARN_ABOUT_RETURN_TYPE = YES_ERROR;
				GCC_WARN_UNDECLARED_SELECTOR = YES;
				GCC_WARN_UNINITIALIZED_AUTOS = YES_AGGRESSIVE;
				GCC_WARN_UNUSED_FUNCTION = YES;
				GCC_WARN_UNUSED_VARIABLE = YES;
				IPHONEOS_DEPLOYMENT_TARGET = 15.0;
				MTL_ENABLE_DEBUG_INFO = NO;
				MTL_FAST_MATH = YES;
				SDKROOT = iphoneos;
				SWIFT_COMPILATION_MODE = wholemodule;
				SWIFT_OPTIMIZATION_LEVEL = "-O";
				VALIDATE_PRODUCT = YES;
			};
			name = Release;
		};
		7AE5A4D9289166EB00EADCB4 /* Debug */ = {
			isa = XCBuildConfiguration;
			baseConfigurationReference = 8ECE75D2F8D2ED0A280937A3 /* Pods-ecommapp.debug.xcconfig */;
			buildSettings = {
				ASSETCATALOG_COMPILER_APPICON_NAME = AppIcon;
				ASSETCATALOG_COMPILER_GLOBAL_ACCENT_COLOR_NAME = AccentColor;
				CODE_SIGN_STYLE = Automatic;
				CURRENT_PROJECT_VERSION = 1;
				DEVELOPMENT_TEAM = Y3TUAZFAG8;
				GENERATE_INFOPLIST_FILE = YES;
				INFOPLIST_FILE = ecommapp/Info.plist;
				INFOPLIST_KEY_UIApplicationSupportsIndirectInputEvents = YES;
				INFOPLIST_KEY_UILaunchStoryboardName = LaunchScreen;
				INFOPLIST_KEY_UIMainStoryboardFile = Main;
				INFOPLIST_KEY_UISupportedInterfaceOrientations_iPad = "UIInterfaceOrientationPortrait UIInterfaceOrientationPortraitUpsideDown UIInterfaceOrientationLandscapeLeft UIInterfaceOrientationLandscapeRight";
				INFOPLIST_KEY_UISupportedInterfaceOrientations_iPhone = "UIInterfaceOrientationPortrait UIInterfaceOrientationLandscapeLeft UIInterfaceOrientationLandscapeRight";
				LD_RUNPATH_SEARCH_PATHS = (
					"$(inherited)",
					"@executable_path/Frameworks",
				);
				MARKETING_VERSION = 1.0;
				PRODUCT_BUNDLE_IDENTIFIER = mycompany.ecommapp;
				PRODUCT_NAME = "$(TARGET_NAME)";
				SWIFT_EMIT_LOC_STRINGS = YES;
				SWIFT_VERSION = 5.0;
				TARGETED_DEVICE_FAMILY = "1,2";
			};
			name = Debug;
		};
		7AE5A4DA289166EB00EADCB4 /* Release */ = {
			isa = XCBuildConfiguration;
			baseConfigurationReference = 932F0CD4CCA3A8595F8CD0A1 /* Pods-ecommapp.release.xcconfig */;
			buildSettings = {
				ASSETCATALOG_COMPILER_APPICON_NAME = AppIcon;
				ASSETCATALOG_COMPILER_GLOBAL_ACCENT_COLOR_NAME = AccentColor;
				CODE_SIGN_STYLE = Automatic;
				CURRENT_PROJECT_VERSION = 1;
				DEVELOPMENT_TEAM = Y3TUAZFAG8;
				GENERATE_INFOPLIST_FILE = YES;
				INFOPLIST_FILE = ecommapp/Info.plist;
				INFOPLIST_KEY_UIApplicationSupportsIndirectInputEvents = YES;
				INFOPLIST_KEY_UILaunchStoryboardName = LaunchScreen;
				INFOPLIST_KEY_UIMainStoryboardFile = Main;
				INFOPLIST_KEY_UISupportedInterfaceOrientations_iPad = "UIInterfaceOrientationPortrait UIInterfaceOrientationPortraitUpsideDown UIInterfaceOrientationLandscapeLeft UIInterfaceOrientationLandscapeRight";
				INFOPLIST_KEY_UISupportedInterfaceOrientations_iPhone = "UIInterfaceOrientationPortrait UIInterfaceOrientationLandscapeLeft UIInterfaceOrientationLandscapeRight";
				LD_RUNPATH_SEARCH_PATHS = (
					"$(inherited)",
					"@executable_path/Frameworks",
				);
				MARKETING_VERSION = 1.0;
				PRODUCT_BUNDLE_IDENTIFIER = mycompany.ecommapp;
				PRODUCT_NAME = "$(TARGET_NAME)";
				SWIFT_EMIT_LOC_STRINGS = YES;
				SWIFT_VERSION = 5.0;
				TARGETED_DEVICE_FAMILY = "1,2";
			};
			name = Release;
		};
		7AE5A4DC289166EB00EADCB4 /* Debug */ = {
			isa = XCBuildConfiguration;
			baseConfigurationReference = 710EAC18D28D91F142065A0B /* Pods-ecommappTests.debug.xcconfig */;
			buildSettings = {
				ALWAYS_EMBED_SWIFT_STANDARD_LIBRARIES = YES;
				BUNDLE_LOADER = "$(TEST_HOST)";
				CODE_SIGN_STYLE = Automatic;
				CURRENT_PROJECT_VERSION = 1;
				DEVELOPMENT_TEAM = Y3TUAZFAG8;
				GENERATE_INFOPLIST_FILE = YES;
				IPHONEOS_DEPLOYMENT_TARGET = 15.0;
				LD_RUNPATH_SEARCH_PATHS = (
					"$(inherited)",
					"@executable_path/Frameworks",
					"@loader_path/Frameworks",
				);
				MARKETING_VERSION = 1.0;
				PRODUCT_BUNDLE_IDENTIFIER = mycompany.ecommappTests;
				PRODUCT_NAME = "$(TARGET_NAME)";
				SWIFT_EMIT_LOC_STRINGS = NO;
				SWIFT_VERSION = 5.0;
				TARGETED_DEVICE_FAMILY = "1,2";
				TEST_HOST = "$(BUILT_PRODUCTS_DIR)/ecommapp.app/ecommapp";
			};
			name = Debug;
		};
		7AE5A4DD289166EB00EADCB4 /* Release */ = {
			isa = XCBuildConfiguration;
			baseConfigurationReference = E0F642A7F8960BFE05275437 /* Pods-ecommappTests.release.xcconfig */;
			buildSettings = {
				ALWAYS_EMBED_SWIFT_STANDARD_LIBRARIES = YES;
				BUNDLE_LOADER = "$(TEST_HOST)";
				CODE_SIGN_STYLE = Automatic;
				CURRENT_PROJECT_VERSION = 1;
				DEVELOPMENT_TEAM = Y3TUAZFAG8;
				GENERATE_INFOPLIST_FILE = YES;
				IPHONEOS_DEPLOYMENT_TARGET = 15.0;
				LD_RUNPATH_SEARCH_PATHS = (
					"$(inherited)",
					"@executable_path/Frameworks",
					"@loader_path/Frameworks",
				);
				MARKETING_VERSION = 1.0;
				PRODUCT_BUNDLE_IDENTIFIER = mycompany.ecommappTests;
				PRODUCT_NAME = "$(TARGET_NAME)";
				SWIFT_EMIT_LOC_STRINGS = NO;
				SWIFT_VERSION = 5.0;
				TARGETED_DEVICE_FAMILY = "1,2";
				TEST_HOST = "$(BUILT_PRODUCTS_DIR)/ecommapp.app/ecommapp";
			};
			name = Release;
		};
		7AE5A4DF289166EB00EADCB4 /* Debug */ = {
			isa = XCBuildConfiguration;
			baseConfigurationReference = 4C6FAA2AC60DBE2162D9BC84 /* Pods-ecommapp-ecommappUITests.debug.xcconfig */;
			buildSettings = {
				ALWAYS_EMBED_SWIFT_STANDARD_LIBRARIES = YES;
				CODE_SIGN_STYLE = Automatic;
				CURRENT_PROJECT_VERSION = 1;
				DEVELOPMENT_TEAM = Y3TUAZFAG8;
				GENERATE_INFOPLIST_FILE = YES;
				LD_RUNPATH_SEARCH_PATHS = (
					"$(inherited)",
					"@executable_path/Frameworks",
					"@loader_path/Frameworks",
				);
				MARKETING_VERSION = 1.0;
				PRODUCT_BUNDLE_IDENTIFIER = mycompany.ecommappUITests;
				PRODUCT_NAME = "$(TARGET_NAME)";
				SWIFT_EMIT_LOC_STRINGS = NO;
				SWIFT_VERSION = 5.0;
				TARGETED_DEVICE_FAMILY = "1,2";
				TEST_TARGET_NAME = ecommapp;
			};
			name = Debug;
		};
		7AE5A4E0289166EB00EADCB4 /* Release */ = {
			isa = XCBuildConfiguration;
			baseConfigurationReference = A1EC3AB6CDE0D89B50CE7A67 /* Pods-ecommapp-ecommappUITests.release.xcconfig */;
			buildSettings = {
				ALWAYS_EMBED_SWIFT_STANDARD_LIBRARIES = YES;
				CODE_SIGN_STYLE = Automatic;
				CURRENT_PROJECT_VERSION = 1;
				DEVELOPMENT_TEAM = Y3TUAZFAG8;
				GENERATE_INFOPLIST_FILE = YES;
				LD_RUNPATH_SEARCH_PATHS = (
					"$(inherited)",
					"@executable_path/Frameworks",
					"@loader_path/Frameworks",
				);
				MARKETING_VERSION = 1.0;
				PRODUCT_BUNDLE_IDENTIFIER = mycompany.ecommappUITests;
				PRODUCT_NAME = "$(TARGET_NAME)";
				SWIFT_EMIT_LOC_STRINGS = NO;
				SWIFT_VERSION = 5.0;
				TARGETED_DEVICE_FAMILY = "1,2";
				TEST_TARGET_NAME = ecommapp;
			};
			name = Release;
		};
/* End XCBuildConfiguration section */

/* Begin XCConfigurationList section */
		7AE5A4A9289166E800EADCB4 /* Build configuration list for PBXProject "ecommapp" */ = {
			isa = XCConfigurationList;
			buildConfigurations = (
				7AE5A4D6289166EB00EADCB4 /* Debug */,
				7AE5A4D7289166EB00EADCB4 /* Release */,
			);
			defaultConfigurationIsVisible = 0;
			defaultConfigurationName = Release;
		};
		7AE5A4D8289166EB00EADCB4 /* Build configuration list for PBXNativeTarget "ecommapp" */ = {
			isa = XCConfigurationList;
			buildConfigurations = (
				7AE5A4D9289166EB00EADCB4 /* Debug */,
				7AE5A4DA289166EB00EADCB4 /* Release */,
			);
			defaultConfigurationIsVisible = 0;
			defaultConfigurationName = Release;
		};
		7AE5A4DB289166EB00EADCB4 /* Build configuration list for PBXNativeTarget "ecommappTests" */ = {
			isa = XCConfigurationList;
			buildConfigurations = (
				7AE5A4DC289166EB00EADCB4 /* Debug */,
				7AE5A4DD289166EB00EADCB4 /* Release */,
			);
			defaultConfigurationIsVisible = 0;
			defaultConfigurationName = Release;
		};
		7AE5A4DE289166EB00EADCB4 /* Build configuration list for PBXNativeTarget "ecommappUITests" */ = {
			isa = XCConfigurationList;
			buildConfigurations = (
				7AE5A4DF289166EB00EADCB4 /* Debug */,
				7AE5A4E0289166EB00EADCB4 /* Release */,
			);
			defaultConfigurationIsVisible = 0;
			defaultConfigurationName = Release;
		};
/* End XCConfigurationList section */
	};
	rootObject = 7AE5A4A6289166E800EADCB4 /* Project object */;
}
